
Microsoft Visual Studio Solution File, Format Version 12.00
# Visual Studio Version 17
VisualStudioVersion = 17.7.34031.279
MinimumVisualStudioVersion = 10.0.40219.1
Project("{FAE04EC0-301F-11D3-BF4B-00C04F79EFBC}") = "clipper_test", "clipper_test\clipper_test.csproj", "{06C4C2F6-CC9F-4A75-AA9F-1717F381910B}"
EndProject
Global
	GlobalSection(SolutionConfigurationPlatforms) = preSolution
		Debug|Any CPU = Debug|Any CPU
		Release|Any CPU = Release|Any CPU
	EndGlobalSection
	GlobalSection(ProjectConfigurationPlatforms) = postSolution
		{06C4C2F6-CC9F-4A75-AA9F-1717F381910B}.Debug|Any CPU.ActiveCfg = Debug|Any CPU
		{06C4C2F6-CC9F-4A75-AA9F-1717F381910B}.Debug|Any CPU.Build.0 = Debug|Any CPU
		{06C4C2F6-CC9F-4A75-AA9F-1717F381910B}.Release|Any CPU.ActiveCfg = Release|Any CPU
		{06C4C2F6-CC9F-4A75-AA9F-1717F381910B}.Release|Any CPU.Build.0 = Release|Any CPU
	EndGlobalSection
	GlobalSection(SolutionProperties) = preSolution
		HideSolutionNode = FALSE
	EndGlobalSection
	GlobalSection(ExtensibilityGlobals) = postSolution
		SolutionGuid = {09B0294A-2FC3-4629-B853-985001C12F5A}
	EndGlobalSection
EndGlobal
